
Microsoft Visual Studio Solution File, Format Version 12.00
# Visual Studio Version 16
VisualStudioVersion = 16.0.31911.196
MinimumVisualStudioVersion = 10.0.40219.1
Project("{9A19103F-16F7-4668-BE54-9A1E7A4F7556}") = "JFT_Project", "JFT_Project\JFT_Project.csproj", "{1E1A5B05-CAA8-472A-8243-4378B8F460C9}"
EndProject
Global
	GlobalSection(SolutionConfigurationPlatforms) = preSolution
		Debug|Any CPU = Debug|Any CPU
		Release|Any CPU = Release|Any CPU
	EndGlobalSection
	GlobalSection(ProjectConfigurationPlatforms) = postSolution
		{1E1A5B05-CAA8-472A-8243-4378B8F460C9}.Debug|Any CPU.ActiveCfg = Debug|Any CPU
		{1E1A5B05-CAA8-472A-8243-4378B8F460C9}.Debug|Any CPU.Build.0 = Debug|Any CPU
		{1E1A5B05-CAA8-472A-8243-4378B8F460C9}.Release|Any CPU.ActiveCfg = Release|Any CPU
		{1E1A5B05-CAA8-472A-8243-4378B8F460C9}.Release|Any CPU.Build.0 = Release|Any CPU
	EndGlobalSection
	GlobalSection(SolutionProperties) = preSolution
		HideSolutionNode = FALSE
	EndGlobalSection
	GlobalSection(ExtensibilityGlobals) = postSolution
		SolutionGuid = {1A54EEE1-36F9-4119-8CAA-09E2602DCE4E}
	EndGlobalSection
EndGlobal
